
Microsoft Visual Studio Solution File, Format Version 12.00
# Visual Studio Version 16
VisualStudioVersion = 16.0.30114.105
MinimumVisualStudioVersion = 10.0.40219.1
Project("{FAE04EC0-301F-11D3-BF4B-00C04F79EFBC}") = "Browser", "Browser\Browser.csproj", "{755D07BF-6452-410E-868F-D29F5B92F1B7}"
EndProject
Global
	GlobalSection(SolutionConfigurationPlatforms) = preSolution
		Debug|Any CPU = Debug|Any CPU
		Release|Any CPU = Release|Any CPU
	EndGlobalSection
	GlobalSection(ProjectConfigurationPlatforms) = postSolution
		{755D07BF-6452-410E-868F-D29F5B92F1B7}.Debug|Any CPU.ActiveCfg = Debug|Any CPU
		{755D07BF-6452-410E-868F-D29F5B92F1B7}.Debug|Any CPU.Build.0 = Debug|Any CPU
		{755D07BF-6452-410E-868F-D29F5B92F1B7}.Release|Any CPU.ActiveCfg = Release|Any CPU
		{755D07BF-6452-410E-868F-D29F5B92F1B7}.Release|Any CPU.Build.0 = Release|Any CPU
	EndGlobalSection
	GlobalSection(SolutionProperties) = preSolution
		HideSolutionNode = FALSE
	EndGlobalSection
	GlobalSection(ExtensibilityGlobals) = postSolution
		SolutionGuid = {0C71826A-1330-4998-A323-CEA01E70039C}
	EndGlobalSection
EndGlobal
