
Microsoft Visual Studio Solution File, Format Version 12.00
# Visual Studio Version 16
VisualStudioVersion = 16.0.30114.105
MinimumVisualStudioVersion = 10.0.40219.1
Project("{FAE04EC0-301F-11D3-BF4B-00C04F79EFBC}") = "newDuanKouTest", "newDuanKouTest\newDuanKouTest.csproj", "{3937786D-7A6A-4C42-9A03-A21F3CB87727}"
EndProject
Global
	GlobalSection(SolutionConfigurationPlatforms) = preSolution
		Debug|Any CPU = Debug|Any CPU
		Release|Any CPU = Release|Any CPU
	EndGlobalSection
	GlobalSection(ProjectConfigurationPlatforms) = postSolution
		{3937786D-7A6A-4C42-9A03-A21F3CB87727}.Debug|Any CPU.ActiveCfg = Debug|Any CPU
		{3937786D-7A6A-4C42-9A03-A21F3CB87727}.Debug|Any CPU.Build.0 = Debug|Any CPU
		{3937786D-7A6A-4C42-9A03-A21F3CB87727}.Release|Any CPU.ActiveCfg = Release|Any CPU
		{3937786D-7A6A-4C42-9A03-A21F3CB87727}.Release|Any CPU.Build.0 = Release|Any CPU
	EndGlobalSection
	GlobalSection(SolutionProperties) = preSolution
		HideSolutionNode = FALSE
	EndGlobalSection
	GlobalSection(ExtensibilityGlobals) = postSolution
		SolutionGuid = {4A68098E-F659-40D3-8CE8-D2B490BB8843}
	EndGlobalSection
EndGlobal
